
Microsoft Visual Studio Solution File, Format Version 12.00
# Visual Studio 15
VisualStudioVersion = 15.0.28307.852
MinimumVisualStudioVersion = 10.0.40219.1
Project("{FAE04EC0-301F-11D3-BF4B-00C04F79EFBC}") = "Metody", "Metody\Metody.csproj", "{2DC914DA-83A7-4621-9794-B2AA624B02EC}"
EndProject
Global
	GlobalSection(SolutionConfigurationPlatforms) = preSolution
		Debug|Any CPU = Debug|Any CPU
		Release|Any CPU = Release|Any CPU
	EndGlobalSection
	GlobalSection(ProjectConfigurationPlatforms) = postSolution
		{2DC914DA-83A7-4621-9794-B2AA624B02EC}.Debug|Any CPU.ActiveCfg = Debug|Any CPU
		{2DC914DA-83A7-4621-9794-B2AA624B02EC}.Debug|Any CPU.Build.0 = Debug|Any CPU
		{2DC914DA-83A7-4621-9794-B2AA624B02EC}.Release|Any CPU.ActiveCfg = Release|Any CPU
		{2DC914DA-83A7-4621-9794-B2AA624B02EC}.Release|Any CPU.Build.0 = Release|Any CPU
	EndGlobalSection
	GlobalSection(SolutionProperties) = preSolution
		HideSolutionNode = FALSE
	EndGlobalSection
	GlobalSection(ExtensibilityGlobals) = postSolution
		SolutionGuid = {7EA046C1-4A02-4C7C-9718-AD7B8EAA113E}
	EndGlobalSection
EndGlobal
